
Microsoft Visual Studio Solution File, Format Version 12.00
# Visual Studio Version 17
VisualStudioVersion = 17.4.33103.184
MinimumVisualStudioVersion = 10.0.40219.1
Project("{8BC9CEB8-8B4A-11D0-8D11-00A0C91BC942}") = "FROMORI", "FROMORI\FROMORI.vcxproj", "{3AC610D4-0364-48EB-8E3C-7B272361904D}"
EndProject
Global
	GlobalSection(SolutionConfigurationPlatforms) = preSolution
		Release|x64 = Release|x64
	EndGlobalSection
	GlobalSection(ProjectConfigurationPlatforms) = postSolution
		{3AC610D4-0364-48EB-8E3C-7B272361904D}.Release|x64.ActiveCfg = Release|x64
		{3AC610D4-0364-48EB-8E3C-7B272361904D}.Release|x64.Build.0 = Release|x64
	EndGlobalSection
	GlobalSection(SolutionProperties) = preSolution
		HideSolutionNode = FALSE
	EndGlobalSection
	GlobalSection(ExtensibilityGlobals) = postSolution
		SolutionGuid = {22183C93-2F13-460A-949D-F759ABE77394}
	EndGlobalSection
EndGlobal
